
Microsoft Visual Studio Solution File, Format Version 12.00
# Visual Studio 15
VisualStudioVersion = 15.0.28307.168
MinimumVisualStudioVersion = 10.0.40219.1
Project("{FAE04EC0-301F-11D3-BF4B-00C04F79EFBC}") = "ServiceMq", "ServiceMq\ServiceMq.csproj", "{DAB36DFA-764F-4703-AB1C-3D0B79A9085E}"
EndProject
Project("{FAE04EC0-301F-11D3-BF4B-00C04F79EFBC}") = "ServiceMq.Tests", "ServiceMq.Tests\ServiceMq.Tests.csproj", "{E2765137-D4F0-4CDA-A458-691F7BF10C9B}"
EndProject
Project("{FAE04EC0-301F-11D3-BF4B-00C04F79EFBC}") = "ServiceMq.Sqlite", "ServiceMq.Sqlite\ServiceMq.Sqlite.csproj", "{A33AD36B-A72D-45B2-9070-9C41E5D3D3D2}"
EndProject
Project("{2150E333-8FDC-42A3-9474-1A3956D46DE8}") = "Solution Items", "Solution Items", "{B15DC788-DA60-43AC-A199-9851FD6F554E}"
	ProjectSection(SolutionItems) = preProject
		..\License.txt = ..\License.txt
		..\README.md = ..\README.md
	EndProjectSection
EndProject
Project("{FAE04EC0-301F-11D3-BF4B-00C04F79EFBC}") = "ServiceMq.SharpCoreDb", "ServiceMq.SharpCoreDb\ServiceMq.SharpCoreDb.csproj", "{072319C5-38F8-4FC0-A14B-5AB4DDFC6FC5}"
EndProject
Project("{FAE04EC0-301F-11D3-BF4B-00C04F79EFBC}") = "ServiceMq.Tests.SharpCoreDb", "ServiceMq.Tests.SharpCoreDb\ServiceMq.Tests.SharpCoreDb.csproj", "{B4E10E83-2279-4ED3-AD63-504979B5FF32}"
EndProject
Project("{FAE04EC0-301F-11D3-BF4B-00C04F79EFBC}") = "ServiceMq.Benchmarks", "ServiceMq.Benchmarks\ServiceMq.Benchmarks.csproj", "{43B94083-A0A3-43D5-88C8-67A7BBB11A9A}"
EndProject
Global
	GlobalSection(SolutionConfigurationPlatforms) = preSolution
		Debug|Any CPU = Debug|Any CPU
		Debug|x64 = Debug|x64
		Debug|x86 = Debug|x86
		Release|Any CPU = Release|Any CPU
		Release|x64 = Release|x64
		Release|x86 = Release|x86
	EndGlobalSection
	GlobalSection(ProjectConfigurationPlatforms) = postSolution
		{DAB36DFA-764F-4703-AB1C-3D0B79A9085E}.Debug|Any CPU.ActiveCfg = Debug|Any CPU
		{DAB36DFA-764F-4703-AB1C-3D0B79A9085E}.Debug|Any CPU.Build.0 = Debug|Any CPU
		{DAB36DFA-764F-4703-AB1C-3D0B79A9085E}.Debug|x64.ActiveCfg = Debug|Any CPU
		{DAB36DFA-764F-4703-AB1C-3D0B79A9085E}.Debug|x64.Build.0 = Debug|Any CPU
		{DAB36DFA-764F-4703-AB1C-3D0B79A9085E}.Debug|x86.ActiveCfg = Debug|Any CPU
		{DAB36DFA-764F-4703-AB1C-3D0B79A9085E}.Debug|x86.Build.0 = Debug|Any CPU
		{DAB36DFA-764F-4703-AB1C-3D0B79A9085E}.Release|Any CPU.ActiveCfg = Release|Any CPU
		{DAB36DFA-764F-4703-AB1C-3D0B79A9085E}.Release|Any CPU.Build.0 = Release|Any CPU
		{DAB36DFA-764F-4703-AB1C-3D0B79A9085E}.Release|x64.ActiveCfg = Release|Any CPU
		{DAB36DFA-764F-4703-AB1C-3D0B79A9085E}.Release|x64.Build.0 = Release|Any CPU
		{DAB36DFA-764F-4703-AB1C-3D0B79A9085E}.Release|x86.ActiveCfg = Release|Any CPU
		{DAB36DFA-764F-4703-AB1C-3D0B79A9085E}.Release|x86.Build.0 = Release|Any CPU
		{E2765137-D4F0-4CDA-A458-691F7BF10C9B}.Debug|Any CPU.ActiveCfg = Debug|Any CPU
		{E2765137-D4F0-4CDA-A458-691F7BF10C9B}.Debug|Any CPU.Build.0 = Debug|Any CPU
		{E2765137-D4F0-4CDA-A458-691F7BF10C9B}.Debug|x64.ActiveCfg = Debug|Any CPU
		{E2765137-D4F0-4CDA-A458-691F7BF10C9B}.Debug|x64.Build.0 = Debug|Any CPU
		{E2765137-D4F0-4CDA-A458-691F7BF10C9B}.Debug|x86.ActiveCfg = Debug|Any CPU
		{E2765137-D4F0-4CDA-A458-691F7BF10C9B}.Debug|x86.Build.0 = Debug|Any CPU
		{E2765137-D4F0-4CDA-A458-691F7BF10C9B}.Release|Any CPU.ActiveCfg = Release|Any CPU
		{E2765137-D4F0-4CDA-A458-691F7BF10C9B}.Release|Any CPU.Build.0 = Release|Any CPU
		{E2765137-D4F0-4CDA-A458-691F7BF10C9B}.Release|x64.ActiveCfg = Release|Any CPU
		{E2765137-D4F0-4CDA-A458-691F7BF10C9B}.Release|x64.Build.0 = Release|Any CPU
		{E2765137-D4F0-4CDA-A458-691F7BF10C9B}.Release|x86.ActiveCfg = Release|Any CPU
		{E2765137-D4F0-4CDA-A458-691F7BF10C9B}.Release|x86.Build.0 = Release|Any CPU
		{A33AD36B-A72D-45B2-9070-9C41E5D3D3D2}.Debug|Any CPU.ActiveCfg = Debug|Any CPU
		{A33AD36B-A72D-45B2-9070-9C41E5D3D3D2}.Debug|Any CPU.Build.0 = Debug|Any CPU
		{A33AD36B-A72D-45B2-9070-9C41E5D3D3D2}.Debug|x64.ActiveCfg = Debug|Any CPU
		{A33AD36B-A72D-45B2-9070-9C41E5D3D3D2}.Debug|x64.Build.0 = Debug|Any CPU
		{A33AD36B-A72D-45B2-9070-9C41E5D3D3D2}.Debug|x86.ActiveCfg = Debug|Any CPU
		{A33AD36B-A72D-45B2-9070-9C41E5D3D3D2}.Debug|x86.Build.0 = Debug|Any CPU
		{A33AD36B-A72D-45B2-9070-9C41E5D3D3D2}.Release|Any CPU.ActiveCfg = Release|Any CPU
		{A33AD36B-A72D-45B2-9070-9C41E5D3D3D2}.Release|Any CPU.Build.0 = Release|Any CPU
		{A33AD36B-A72D-45B2-9070-9C41E5D3D3D2}.Release|x64.ActiveCfg = Release|Any CPU
		{A33AD36B-A72D-45B2-9070-9C41E5D3D3D2}.Release|x64.Build.0 = Release|Any CPU
		{A33AD36B-A72D-45B2-9070-9C41E5D3D3D2}.Release|x86.ActiveCfg = Release|Any CPU
		{A33AD36B-A72D-45B2-9070-9C41E5D3D3D2}.Release|x86.Build.0 = Release|Any CPU
		{072319C5-38F8-4FC0-A14B-5AB4DDFC6FC5}.Debug|Any CPU.ActiveCfg = Debug|Any CPU
		{072319C5-38F8-4FC0-A14B-5AB4DDFC6FC5}.Debug|Any CPU.Build.0 = Debug|Any CPU
		{072319C5-38F8-4FC0-A14B-5AB4DDFC6FC5}.Debug|x64.ActiveCfg = Debug|Any CPU
		{072319C5-38F8-4FC0-A14B-5AB4DDFC6FC5}.Debug|x64.Build.0 = Debug|Any CPU
		{072319C5-38F8-4FC0-A14B-5AB4DDFC6FC5}.Debug|x86.ActiveCfg = Debug|Any CPU
		{072319C5-38F8-4FC0-A14B-5AB4DDFC6FC5}.Debug|x86.Build.0 = Debug|Any CPU
		{072319C5-38F8-4FC0-A14B-5AB4DDFC6FC5}.Release|Any CPU.ActiveCfg = Release|Any CPU
		{072319C5-38F8-4FC0-A14B-5AB4DDFC6FC5}.Release|Any CPU.Build.0 = Release|Any CPU
		{072319C5-38F8-4FC0-A14B-5AB4DDFC6FC5}.Release|x64.ActiveCfg = Release|Any CPU
		{072319C5-38F8-4FC0-A14B-5AB4DDFC6FC5}.Release|x64.Build.0 = Release|Any CPU
		{072319C5-38F8-4FC0-A14B-5AB4DDFC6FC5}.Release|x86.ActiveCfg = Release|Any CPU
		{072319C5-38F8-4FC0-A14B-5AB4DDFC6FC5}.Release|x86.Build.0 = Release|Any CPU
		{B4E10E83-2279-4ED3-AD63-504979B5FF32}.Debug|Any CPU.ActiveCfg = Debug|Any CPU
		{B4E10E83-2279-4ED3-AD63-504979B5FF32}.Debug|Any CPU.Build.0 = Debug|Any CPU
		{B4E10E83-2279-4ED3-AD63-504979B5FF32}.Debug|x64.ActiveCfg = Debug|Any CPU
		{B4E10E83-2279-4ED3-AD63-504979B5FF32}.Debug|x64.Build.0 = Debug|Any CPU
		{B4E10E83-2279-4ED3-AD63-504979B5FF32}.Debug|x86.ActiveCfg = Debug|Any CPU
		{B4E10E83-2279-4ED3-AD63-504979B5FF32}.Debug|x86.Build.0 = Debug|Any CPU
		{B4E10E83-2279-4ED3-AD63-504979B5FF32}.Release|Any CPU.ActiveCfg = Release|Any CPU
		{B4E10E83-2279-4ED3-AD63-504979B5FF32}.Release|Any CPU.Build.0 = Release|Any CPU
		{B4E10E83-2279-4ED3-AD63-504979B5FF32}.Release|x64.ActiveCfg = Release|Any CPU
		{B4E10E83-2279-4ED3-AD63-504979B5FF32}.Release|x64.Build.0 = Release|Any CPU
		{B4E10E83-2279-4ED3-AD63-504979B5FF32}.Release|x86.ActiveCfg = Release|Any CPU
		{B4E10E83-2279-4ED3-AD63-504979B5FF32}.Release|x86.Build.0 = Release|Any CPU
		{43B94083-A0A3-43D5-88C8-67A7BBB11A9A}.Debug|Any CPU.ActiveCfg = Debug|Any CPU
		{43B94083-A0A3-43D5-88C8-67A7BBB11A9A}.Debug|Any CPU.Build.0 = Debug|Any CPU
		{43B94083-A0A3-43D5-88C8-67A7BBB11A9A}.Debug|x64.ActiveCfg = Debug|Any CPU
		{43B94083-A0A3-43D5-88C8-67A7BBB11A9A}.Debug|x64.Build.0 = Debug|Any CPU
		{43B94083-A0A3-43D5-88C8-67A7BBB11A9A}.Debug|x86.ActiveCfg = Debug|Any CPU
		{43B94083-A0A3-43D5-88C8-67A7BBB11A9A}.Debug|x86.Build.0 = Debug|Any CPU
		{43B94083-A0A3-43D5-88C8-67A7BBB11A9A}.Release|Any CPU.ActiveCfg = Release|Any CPU
		{43B94083-A0A3-43D5-88C8-67A7BBB11A9A}.Release|Any CPU.Build.0 = Release|Any CPU
		{43B94083-A0A3-43D5-88C8-67A7BBB11A9A}.Release|x64.ActiveCfg = Release|Any CPU
		{43B94083-A0A3-43D5-88C8-67A7BBB11A9A}.Release|x64.Build.0 = Release|Any CPU
		{43B94083-A0A3-43D5-88C8-67A7BBB11A9A}.Release|x86.ActiveCfg = Release|Any CPU
		{43B94083-A0A3-43D5-88C8-67A7BBB11A9A}.Release|x86.Build.0 = Release|Any CPU
	EndGlobalSection
	GlobalSection(SolutionProperties) = preSolution
		HideSolutionNode = FALSE
	EndGlobalSection
	GlobalSection(ExtensibilityGlobals) = postSolution
		SolutionGuid = {E0396276-F4CD-4C2C-88FA-755C6645FDCA}
	EndGlobalSection
EndGlobal
